
Microsoft Visual Studio Solution File, Format Version 12.00
# Visual Studio Version 17
VisualStudioVersion = 17.8.34525.116
MinimumVisualStudioVersion = 10.0.40219.1
Project("{FAE04EC0-301F-11D3-BF4B-00C04F79EFBC}") = "EPAM_HW_5", "EPAM_HW_5\EPAM_HW_5.csproj", "{CC69112E-2AA2-4060-BDAF-A9259BA99AF4}"
EndProject
Global
	GlobalSection(SolutionConfigurationPlatforms) = preSolution
		Debug|Any CPU = Debug|Any CPU
		Release|Any CPU = Release|Any CPU
	EndGlobalSection
	GlobalSection(ProjectConfigurationPlatforms) = postSolution
		{CC69112E-2AA2-4060-BDAF-A9259BA99AF4}.Debug|Any CPU.ActiveCfg = Debug|Any CPU
		{CC69112E-2AA2-4060-BDAF-A9259BA99AF4}.Debug|Any CPU.Build.0 = Debug|Any CPU
		{CC69112E-2AA2-4060-BDAF-A9259BA99AF4}.Release|Any CPU.ActiveCfg = Release|Any CPU
		{CC69112E-2AA2-4060-BDAF-A9259BA99AF4}.Release|Any CPU.Build.0 = Release|Any CPU
	EndGlobalSection
	GlobalSection(SolutionProperties) = preSolution
		HideSolutionNode = FALSE
	EndGlobalSection
	GlobalSection(ExtensibilityGlobals) = postSolution
		SolutionGuid = {E023AD90-1CF7-4667-83A4-60E9A667DD52}
	EndGlobalSection
EndGlobal
